
Microsoft Visual Studio Solution File, Format Version 12.00
# Visual Studio Version 16
VisualStudioVersion = 16.0.29806.167
MinimumVisualStudioVersion = 10.0.40219.1
Project("{9A19103F-16F7-4668-BE54-9A1E7A4F7556}") = "OOP_lab1", "OOP_lab1\OOP_lab1.csproj", "{7A45E590-5302-49F5-A5C4-31DDBCABFA26}"
EndProject
Project("{9A19103F-16F7-4668-BE54-9A1E7A4F7556}") = "Test", "Test\Test.csproj", "{FA4D266D-3556-4279-A9B2-98518AE5FD43}"
EndProject
Project("{2150E333-8FDC-42A3-9474-1A3956D46DE8}") = "Solution Items", "Solution Items", "{0AF197F9-5200-49B7-8ECF-3DED475CBCBD}"
	ProjectSection(SolutionItems) = preProject
		.travis.yml = .travis.yml
	EndProjectSection
EndProject
Global
	GlobalSection(SolutionConfigurationPlatforms) = preSolution
		Debug|Any CPU = Debug|Any CPU
		Release|Any CPU = Release|Any CPU
	EndGlobalSection
	GlobalSection(ProjectConfigurationPlatforms) = postSolution
		{7A45E590-5302-49F5-A5C4-31DDBCABFA26}.Debug|Any CPU.ActiveCfg = Debug|Any CPU
		{7A45E590-5302-49F5-A5C4-31DDBCABFA26}.Debug|Any CPU.Build.0 = Debug|Any CPU
		{7A45E590-5302-49F5-A5C4-31DDBCABFA26}.Release|Any CPU.ActiveCfg = Release|Any CPU
		{7A45E590-5302-49F5-A5C4-31DDBCABFA26}.Release|Any CPU.Build.0 = Release|Any CPU
		{FA4D266D-3556-4279-A9B2-98518AE5FD43}.Debug|Any CPU.ActiveCfg = Debug|Any CPU
		{FA4D266D-3556-4279-A9B2-98518AE5FD43}.Debug|Any CPU.Build.0 = Debug|Any CPU
		{FA4D266D-3556-4279-A9B2-98518AE5FD43}.Release|Any CPU.ActiveCfg = Release|Any CPU
		{FA4D266D-3556-4279-A9B2-98518AE5FD43}.Release|Any CPU.Build.0 = Release|Any CPU
	EndGlobalSection
	GlobalSection(SolutionProperties) = preSolution
		HideSolutionNode = FALSE
	EndGlobalSection
	GlobalSection(ExtensibilityGlobals) = postSolution
		SolutionGuid = {F8F60995-DFD6-4A6C-8C99-60BD49B24128}
	EndGlobalSection
EndGlobal
